
Microsoft Visual Studio Solution File, Format Version 12.00
# Visual Studio Version 17
VisualStudioVersion = 17.0.31903.59
MinimumVisualStudioVersion = 10.0.40219.1
Project("{2150E333-8FDC-42A3-9474-1A3956D46DE8}") = "src", "src", "{827E0CD3-B72D-47B6-A68D-7590B98EB39B}"
EndProject
Project("{FAE04EC0-301F-11D3-BF4B-00C04F79EFBC}") = "LibraryBookManager.Api", "src\LibraryBookManager.Api\LibraryBookManager.Api.csproj", "{DAFBD553-F40A-44CD-B38B-652F228ED609}"
EndProject
Project("{2150E333-8FDC-42A3-9474-1A3956D46DE8}") = "tests", "tests", "{0AB3BF05-4346-4AA6-1389-037BE0695223}"
EndProject
Project("{FAE04EC0-301F-11D3-BF4B-00C04F79EFBC}") = "LibraryBookManager.Api.Tests", "tests\LibraryBookManager.Api.Tests\LibraryBookManager.Api.Tests.csproj", "{FE7D04A2-0FFE-4804-A491-515E8BB47B08}"
EndProject
Global
	GlobalSection(SolutionConfigurationPlatforms) = preSolution
		Debug|Any CPU = Debug|Any CPU
		Debug|x64 = Debug|x64
		Debug|x86 = Debug|x86
		Release|Any CPU = Release|Any CPU
		Release|x64 = Release|x64
		Release|x86 = Release|x86
	EndGlobalSection
	GlobalSection(ProjectConfigurationPlatforms) = postSolution
		{DAFBD553-F40A-44CD-B38B-652F228ED609}.Debug|Any CPU.ActiveCfg = Debug|Any CPU
		{DAFBD553-F40A-44CD-B38B-652F228ED609}.Debug|Any CPU.Build.0 = Debug|Any CPU
		{DAFBD553-F40A-44CD-B38B-652F228ED609}.Debug|x64.ActiveCfg = Debug|Any CPU
		{DAFBD553-F40A-44CD-B38B-652F228ED609}.Debug|x64.Build.0 = Debug|Any CPU
		{DAFBD553-F40A-44CD-B38B-652F228ED609}.Debug|x86.ActiveCfg = Debug|Any CPU
		{DAFBD553-F40A-44CD-B38B-652F228ED609}.Debug|x86.Build.0 = Debug|Any CPU
		{DAFBD553-F40A-44CD-B38B-652F228ED609}.Release|Any CPU.ActiveCfg = Release|Any CPU
		{DAFBD553-F40A-44CD-B38B-652F228ED609}.Release|Any CPU.Build.0 = Release|Any CPU
		{DAFBD553-F40A-44CD-B38B-652F228ED609}.Release|x64.ActiveCfg = Release|Any CPU
		{DAFBD553-F40A-44CD-B38B-652F228ED609}.Release|x64.Build.0 = Release|Any CPU
		{DAFBD553-F40A-44CD-B38B-652F228ED609}.Release|x86.ActiveCfg = Release|Any CPU
		{DAFBD553-F40A-44CD-B38B-652F228ED609}.Release|x86.Build.0 = Release|Any CPU
		{FE7D04A2-0FFE-4804-A491-515E8BB47B08}.Debug|Any CPU.ActiveCfg = Debug|Any CPU
		{FE7D04A2-0FFE-4804-A491-515E8BB47B08}.Debug|Any CPU.Build.0 = Debug|Any CPU
		{FE7D04A2-0FFE-4804-A491-515E8BB47B08}.Debug|x64.ActiveCfg = Debug|Any CPU
		{FE7D04A2-0FFE-4804-A491-515E8BB47B08}.Debug|x64.Build.0 = Debug|Any CPU
		{FE7D04A2-0FFE-4804-A491-515E8BB47B08}.Debug|x86.ActiveCfg = Debug|Any CPU
		{FE7D04A2-0FFE-4804-A491-515E8BB47B08}.Debug|x86.Build.0 = Debug|Any CPU
		{FE7D04A2-0FFE-4804-A491-515E8BB47B08}.Release|Any CPU.ActiveCfg = Release|Any CPU
		{FE7D04A2-0FFE-4804-A491-515E8BB47B08}.Release|Any CPU.Build.0 = Release|Any CPU
		{FE7D04A2-0FFE-4804-A491-515E8BB47B08}.Release|x64.ActiveCfg = Release|Any CPU
		{FE7D04A2-0FFE-4804-A491-515E8BB47B08}.Release|x64.Build.0 = Release|Any CPU
		{FE7D04A2-0FFE-4804-A491-515E8BB47B08}.Release|x86.ActiveCfg = Release|Any CPU
		{FE7D04A2-0FFE-4804-A491-515E8BB47B08}.Release|x86.Build.0 = Release|Any CPU
	EndGlobalSection
	GlobalSection(SolutionProperties) = preSolution
		HideSolutionNode = FALSE
	EndGlobalSection
	GlobalSection(NestedProjects) = preSolution
		{DAFBD553-F40A-44CD-B38B-652F228ED609} = {827E0CD3-B72D-47B6-A68D-7590B98EB39B}
		{FE7D04A2-0FFE-4804-A491-515E8BB47B08} = {0AB3BF05-4346-4AA6-1389-037BE0695223}
	EndGlobalSection
EndGlobal
